
Microsoft Visual Studio Solution File, Format Version 12.00
# Visual Studio Version 17
VisualStudioVersion = 17.6.33815.320
MinimumVisualStudioVersion = 10.0.40219.1
Project("{8BC9CEB8-8B4A-11D0-8D11-00A0C91BC942}") = "TaskManager", "TaskManager.vcxproj", "{1C0F8B8E-9F71-4BFD-8582-C4B95A956190}"
EndProject
Global
	GlobalSection(SolutionConfigurationPlatforms) = preSolution
		Debug|x64 = Debug|x64
		Release|x64 = Release|x64
	EndGlobalSection
	GlobalSection(ProjectConfigurationPlatforms) = postSolution
		{1C0F8B8E-9F71-4BFD-8582-C4B95A956190}.Debug|x64.ActiveCfg = Debug|x64
		{1C0F8B8E-9F71-4BFD-8582-C4B95A956190}.Debug|x64.Build.0 = Debug|x64
		{1C0F8B8E-9F71-4BFD-8582-C4B95A956190}.Release|x64.ActiveCfg = Release|x64
		{1C0F8B8E-9F71-4BFD-8582-C4B95A956190}.Release|x64.Build.0 = Release|x64
	EndGlobalSection
	GlobalSection(SolutionProperties) = preSolution
		HideSolutionNode = FALSE
	EndGlobalSection
	GlobalSection(ExtensibilityGlobals) = postSolution
		SolutionGuid = {E1A5085B-0B51-4DA9-848F-C72F9BBC8307}
	EndGlobalSection
EndGlobal
